
Microsoft Visual Studio Solution File, Format Version 12.00
# Visual Studio Version 16
VisualStudioVersion = 16.0.28803.202
MinimumVisualStudioVersion = 10.0.40219.1
Project("{FAE04EC0-301F-11D3-BF4B-00C04F79EFBC}") = "Encryption4", "Encryption4\Encryption4.csproj", "{784CE26D-D4D4-4C6E-8D41-D5F508720170}"
EndProject
Project("{FAE04EC0-301F-11D3-BF4B-00C04F79EFBC}") = "Encryption1", "Encryption1\Encryption1.csproj", "{D8DFA14B-7C57-4846-87B6-52955FE7AF60}"
EndProject
Project("{FAE04EC0-301F-11D3-BF4B-00C04F79EFBC}") = "Encryption2", "Encryption2\Encryption2.csproj", "{C155B2AC-0832-4EB3-8BB2-C97DDF85F603}"
EndProject
Project("{FAE04EC0-301F-11D3-BF4B-00C04F79EFBC}") = "SHA1_Collisions", "SHA1_Collisions\SHA1_Collisions.csproj", "{1DE09D26-4D2A-454D-BBF0-4EBF0CCF4CD7}"
EndProject
Global
	GlobalSection(SolutionConfigurationPlatforms) = preSolution
		Debug|Any CPU = Debug|Any CPU
		Release|Any CPU = Release|Any CPU
	EndGlobalSection
	GlobalSection(ProjectConfigurationPlatforms) = postSolution
		{784CE26D-D4D4-4C6E-8D41-D5F508720170}.Debug|Any CPU.ActiveCfg = Debug|Any CPU
		{784CE26D-D4D4-4C6E-8D41-D5F508720170}.Debug|Any CPU.Build.0 = Debug|Any CPU
		{784CE26D-D4D4-4C6E-8D41-D5F508720170}.Release|Any CPU.ActiveCfg = Release|Any CPU
		{784CE26D-D4D4-4C6E-8D41-D5F508720170}.Release|Any CPU.Build.0 = Release|Any CPU
		{D8DFA14B-7C57-4846-87B6-52955FE7AF60}.Debug|Any CPU.ActiveCfg = Debug|Any CPU
		{D8DFA14B-7C57-4846-87B6-52955FE7AF60}.Debug|Any CPU.Build.0 = Debug|Any CPU
		{D8DFA14B-7C57-4846-87B6-52955FE7AF60}.Release|Any CPU.ActiveCfg = Release|Any CPU
		{D8DFA14B-7C57-4846-87B6-52955FE7AF60}.Release|Any CPU.Build.0 = Release|Any CPU
		{C155B2AC-0832-4EB3-8BB2-C97DDF85F603}.Debug|Any CPU.ActiveCfg = Debug|Any CPU
		{C155B2AC-0832-4EB3-8BB2-C97DDF85F603}.Debug|Any CPU.Build.0 = Debug|Any CPU
		{C155B2AC-0832-4EB3-8BB2-C97DDF85F603}.Release|Any CPU.ActiveCfg = Release|Any CPU
		{C155B2AC-0832-4EB3-8BB2-C97DDF85F603}.Release|Any CPU.Build.0 = Release|Any CPU
		{1DE09D26-4D2A-454D-BBF0-4EBF0CCF4CD7}.Debug|Any CPU.ActiveCfg = Debug|Any CPU
		{1DE09D26-4D2A-454D-BBF0-4EBF0CCF4CD7}.Debug|Any CPU.Build.0 = Debug|Any CPU
		{1DE09D26-4D2A-454D-BBF0-4EBF0CCF4CD7}.Release|Any CPU.ActiveCfg = Release|Any CPU
		{1DE09D26-4D2A-454D-BBF0-4EBF0CCF4CD7}.Release|Any CPU.Build.0 = Release|Any CPU
	EndGlobalSection
	GlobalSection(SolutionProperties) = preSolution
		HideSolutionNode = FALSE
	EndGlobalSection
	GlobalSection(ExtensibilityGlobals) = postSolution
		SolutionGuid = {70BF76AD-3797-4F92-AB1E-E07D6DCA770B}
	EndGlobalSection
EndGlobal
